
Microsoft Visual Studio Solution File, Format Version 12.00
# Visual Studio Version 16
VisualStudioVersion = 25.0.1700.7
MinimumVisualStudioVersion = 10.0.40219.1
Project("{2150E333-8FDC-42A3-9474-1A3956D46DE8}") = "src", "src", "{7475CF14-508F-46B3-9E83-84DD22D7E8FC}"
EndProject
Project("{2150E333-8FDC-42A3-9474-1A3956D46DE8}") = "Building blocks", "Building blocks", "{90ACE393-72AA-42AA-ADFC-C58621D02AA3}"
EndProject
Project("{2150E333-8FDC-42A3-9474-1A3956D46DE8}") = "Web", "Web", "{CA8B229E-AAB5-40B1-AFCB-E2820B9CF102}"
EndProject
Project("{2150E333-8FDC-42A3-9474-1A3956D46DE8}") = "Services", "Services", "{E61CC5AB-67BB-449C-82E7-D9777BFBCB96}"
EndProject
Project("{2150E333-8FDC-42A3-9474-1A3956D46DE8}") = "Identidade", "Identidade", "{213755CA-3BD5-4974-8D68-C03805EFE70E}"
EndProject
Project("{FAE04EC0-301F-11D3-BF4B-00C04F79EFBC}") = "Identidade.API", "src\services\Identidade.API\Identidade.API.csproj", "{D5F92089-7258-482C-B27B-2F64BEB50D34}"
EndProject
Project("{2150E333-8FDC-42A3-9474-1A3956D46DE8}") = "MVC", "MVC", "{AB6C9BA1-CDBC-456B-986E-5407DE27C060}"
EndProject
Project("{2150E333-8FDC-42A3-9474-1A3956D46DE8}") = "Core", "Core", "{01BEF7E7-5FFD-4DBE-BD9A-27B15089A9ED}"
EndProject
Project("{FAE04EC0-301F-11D3-BF4B-00C04F79EFBC}") = "Core.ClassLibrary", "src\building blocks\Core.ClassLibrary\Core.ClassLibrary.csproj", "{D39A9909-24AB-4AB8-BF56-84042541C80A}"
EndProject
Project("{FAE04EC0-301F-11D3-BF4B-00C04F79EFBC}") = "LojaWebApp.MVC", "src\web\LojaWebApp.MVC\LojaWebApp.MVC.csproj", "{2AF48FF7-B879-41CC-B3A1-F1A0F95A08F1}"
EndProject
Project("{2150E333-8FDC-42A3-9474-1A3956D46DE8}") = "Carrinho", "Carrinho", "{E4BA5AA4-35AE-4754-ADC0-497EFB8A9084}"
EndProject
Project("{FAE04EC0-301F-11D3-BF4B-00C04F79EFBC}") = "Carrinho.API", "src\services\Carrinho.API\Carrinho.API.csproj", "{40A02EE8-0CE1-4FC2-9EEA-7F5787E7ABC6}"
EndProject
Project("{2150E333-8FDC-42A3-9474-1A3956D46DE8}") = "Catalogo", "Catalogo", "{758DF268-438C-4D4A-8876-3DD5C76BFA89}"
EndProject
Project("{FAE04EC0-301F-11D3-BF4B-00C04F79EFBC}") = "Catalogo.API", "src\services\Catalogo.API\Catalogo.API.csproj", "{C433A133-0182-4937-B95E-3CA4E705BD39}"
EndProject
Project("{2150E333-8FDC-42A3-9474-1A3956D46DE8}") = "Cliente", "Cliente", "{49526D87-68CC-4AC0-9EE1-CA9D92E1C4B3}"
EndProject
Project("{FAE04EC0-301F-11D3-BF4B-00C04F79EFBC}") = "Cliente.API", "src\Services\Cliente.API\Cliente.API.csproj", "{0335B818-EB9A-4A74-BC75-4E96A0D227FC}"
EndProject
Project("{2150E333-8FDC-42A3-9474-1A3956D46DE8}") = "Pagamento", "Pagamento", "{79237355-975A-4888-82AB-754831C355CC}"
EndProject
Project("{FAE04EC0-301F-11D3-BF4B-00C04F79EFBC}") = "Pagamento.API", "src\services\Pagamento.API\Pagamento.API.csproj", "{9C18CCD0-DB68-48BA-AC7C-DA556E0AE861}"
EndProject
Project("{2150E333-8FDC-42A3-9474-1A3956D46DE8}") = "Pedido", "Pedido", "{30E04E8B-7911-4889-B99C-41F81D99B313}"
EndProject
Project("{FAE04EC0-301F-11D3-BF4B-00C04F79EFBC}") = "Pedido.API", "src\services\Pedido.API\Pedido.API.csproj", "{887FE45C-3D0C-4C66-87FE-21CE99E34BA5}"
EndProject
Project("{2150E333-8FDC-42A3-9474-1A3956D46DE8}") = "Services", "Services", "{1F389B87-3ECE-4FE4-966A-9D7BA294EC06}"
EndProject
Project("{FAE04EC0-301F-11D3-BF4B-00C04F79EFBC}") = "Core.WebAPI.ClassLibrary", "src\building blocks\Core.WebAPI.ClassLibrary\Core.WebAPI.ClassLibrary.csproj", "{6DBAA29D-2559-488C-AFB2-ED68896C71B1}"
EndProject
Global
	GlobalSection(SolutionConfigurationPlatforms) = preSolution
		Debug|Any CPU = Debug|Any CPU
		Release|Any CPU = Release|Any CPU
	EndGlobalSection
	GlobalSection(ProjectConfigurationPlatforms) = postSolution
		{D5F92089-7258-482C-B27B-2F64BEB50D34}.Debug|Any CPU.ActiveCfg = Debug|Any CPU
		{D5F92089-7258-482C-B27B-2F64BEB50D34}.Debug|Any CPU.Build.0 = Debug|Any CPU
		{D5F92089-7258-482C-B27B-2F64BEB50D34}.Release|Any CPU.ActiveCfg = Release|Any CPU
		{D5F92089-7258-482C-B27B-2F64BEB50D34}.Release|Any CPU.Build.0 = Release|Any CPU
		{D39A9909-24AB-4AB8-BF56-84042541C80A}.Debug|Any CPU.ActiveCfg = Debug|Any CPU
		{D39A9909-24AB-4AB8-BF56-84042541C80A}.Debug|Any CPU.Build.0 = Debug|Any CPU
		{D39A9909-24AB-4AB8-BF56-84042541C80A}.Release|Any CPU.ActiveCfg = Release|Any CPU
		{D39A9909-24AB-4AB8-BF56-84042541C80A}.Release|Any CPU.Build.0 = Release|Any CPU
		{2AF48FF7-B879-41CC-B3A1-F1A0F95A08F1}.Debug|Any CPU.ActiveCfg = Debug|Any CPU
		{2AF48FF7-B879-41CC-B3A1-F1A0F95A08F1}.Debug|Any CPU.Build.0 = Debug|Any CPU
		{2AF48FF7-B879-41CC-B3A1-F1A0F95A08F1}.Release|Any CPU.ActiveCfg = Release|Any CPU
		{2AF48FF7-B879-41CC-B3A1-F1A0F95A08F1}.Release|Any CPU.Build.0 = Release|Any CPU
		{40A02EE8-0CE1-4FC2-9EEA-7F5787E7ABC6}.Debug|Any CPU.ActiveCfg = Debug|Any CPU
		{40A02EE8-0CE1-4FC2-9EEA-7F5787E7ABC6}.Debug|Any CPU.Build.0 = Debug|Any CPU
		{40A02EE8-0CE1-4FC2-9EEA-7F5787E7ABC6}.Release|Any CPU.ActiveCfg = Release|Any CPU
		{40A02EE8-0CE1-4FC2-9EEA-7F5787E7ABC6}.Release|Any CPU.Build.0 = Release|Any CPU
		{C433A133-0182-4937-B95E-3CA4E705BD39}.Debug|Any CPU.ActiveCfg = Debug|Any CPU
		{C433A133-0182-4937-B95E-3CA4E705BD39}.Debug|Any CPU.Build.0 = Debug|Any CPU
		{C433A133-0182-4937-B95E-3CA4E705BD39}.Release|Any CPU.ActiveCfg = Release|Any CPU
		{C433A133-0182-4937-B95E-3CA4E705BD39}.Release|Any CPU.Build.0 = Release|Any CPU
		{0335B818-EB9A-4A74-BC75-4E96A0D227FC}.Debug|Any CPU.ActiveCfg = Debug|Any CPU
		{0335B818-EB9A-4A74-BC75-4E96A0D227FC}.Debug|Any CPU.Build.0 = Debug|Any CPU
		{0335B818-EB9A-4A74-BC75-4E96A0D227FC}.Release|Any CPU.ActiveCfg = Release|Any CPU
		{0335B818-EB9A-4A74-BC75-4E96A0D227FC}.Release|Any CPU.Build.0 = Release|Any CPU
		{9C18CCD0-DB68-48BA-AC7C-DA556E0AE861}.Debug|Any CPU.ActiveCfg = Debug|Any CPU
		{9C18CCD0-DB68-48BA-AC7C-DA556E0AE861}.Debug|Any CPU.Build.0 = Debug|Any CPU
		{9C18CCD0-DB68-48BA-AC7C-DA556E0AE861}.Release|Any CPU.ActiveCfg = Release|Any CPU
		{9C18CCD0-DB68-48BA-AC7C-DA556E0AE861}.Release|Any CPU.Build.0 = Release|Any CPU
		{887FE45C-3D0C-4C66-87FE-21CE99E34BA5}.Debug|Any CPU.ActiveCfg = Debug|Any CPU
		{887FE45C-3D0C-4C66-87FE-21CE99E34BA5}.Debug|Any CPU.Build.0 = Debug|Any CPU
		{887FE45C-3D0C-4C66-87FE-21CE99E34BA5}.Release|Any CPU.ActiveCfg = Release|Any CPU
		{887FE45C-3D0C-4C66-87FE-21CE99E34BA5}.Release|Any CPU.Build.0 = Release|Any CPU
		{6DBAA29D-2559-488C-AFB2-ED68896C71B1}.Debug|Any CPU.ActiveCfg = Debug|Any CPU
		{6DBAA29D-2559-488C-AFB2-ED68896C71B1}.Debug|Any CPU.Build.0 = Debug|Any CPU
		{6DBAA29D-2559-488C-AFB2-ED68896C71B1}.Release|Any CPU.ActiveCfg = Release|Any CPU
		{6DBAA29D-2559-488C-AFB2-ED68896C71B1}.Release|Any CPU.Build.0 = Release|Any CPU
	EndGlobalSection
	GlobalSection(SolutionProperties) = preSolution
		HideSolutionNode = FALSE
	EndGlobalSection
	GlobalSection(ExtensibilityGlobals) = postSolution
		SolutionGuid = {341B8ED3-65EE-40F5-80FC-27618DC139DC}
	EndGlobalSection
	GlobalSection(NestedProjects) = preSolution
		{90ACE393-72AA-42AA-ADFC-C58621D02AA3} = {7475CF14-508F-46B3-9E83-84DD22D7E8FC}
		{CA8B229E-AAB5-40B1-AFCB-E2820B9CF102} = {7475CF14-508F-46B3-9E83-84DD22D7E8FC}
		{E61CC5AB-67BB-449C-82E7-D9777BFBCB96} = {7475CF14-508F-46B3-9E83-84DD22D7E8FC}
		{213755CA-3BD5-4974-8D68-C03805EFE70E} = {E61CC5AB-67BB-449C-82E7-D9777BFBCB96}
		{D5F92089-7258-482C-B27B-2F64BEB50D34} = {213755CA-3BD5-4974-8D68-C03805EFE70E}
		{AB6C9BA1-CDBC-456B-986E-5407DE27C060} = {CA8B229E-AAB5-40B1-AFCB-E2820B9CF102}
		{01BEF7E7-5FFD-4DBE-BD9A-27B15089A9ED} = {90ACE393-72AA-42AA-ADFC-C58621D02AA3}
		{D39A9909-24AB-4AB8-BF56-84042541C80A} = {01BEF7E7-5FFD-4DBE-BD9A-27B15089A9ED}
		{2AF48FF7-B879-41CC-B3A1-F1A0F95A08F1} = {AB6C9BA1-CDBC-456B-986E-5407DE27C060}
		{E4BA5AA4-35AE-4754-ADC0-497EFB8A9084} = {E61CC5AB-67BB-449C-82E7-D9777BFBCB96}
		{40A02EE8-0CE1-4FC2-9EEA-7F5787E7ABC6} = {E4BA5AA4-35AE-4754-ADC0-497EFB8A9084}
		{758DF268-438C-4D4A-8876-3DD5C76BFA89} = {E61CC5AB-67BB-449C-82E7-D9777BFBCB96}
		{C433A133-0182-4937-B95E-3CA4E705BD39} = {758DF268-438C-4D4A-8876-3DD5C76BFA89}
		{49526D87-68CC-4AC0-9EE1-CA9D92E1C4B3} = {E61CC5AB-67BB-449C-82E7-D9777BFBCB96}
		{0335B818-EB9A-4A74-BC75-4E96A0D227FC} = {49526D87-68CC-4AC0-9EE1-CA9D92E1C4B3}
		{79237355-975A-4888-82AB-754831C355CC} = {E61CC5AB-67BB-449C-82E7-D9777BFBCB96}
		{9C18CCD0-DB68-48BA-AC7C-DA556E0AE861} = {79237355-975A-4888-82AB-754831C355CC}
		{30E04E8B-7911-4889-B99C-41F81D99B313} = {E61CC5AB-67BB-449C-82E7-D9777BFBCB96}
		{887FE45C-3D0C-4C66-87FE-21CE99E34BA5} = {30E04E8B-7911-4889-B99C-41F81D99B313}
		{1F389B87-3ECE-4FE4-966A-9D7BA294EC06} = {90ACE393-72AA-42AA-ADFC-C58621D02AA3}
		{6DBAA29D-2559-488C-AFB2-ED68896C71B1} = {1F389B87-3ECE-4FE4-966A-9D7BA294EC06}
	EndGlobalSection
EndGlobal
